
Microsoft Visual Studio Solution File, Format Version 12.00
# Visual Studio Version 16
VisualStudioVersion = 16.0.30320.27
MinimumVisualStudioVersion = 10.0.40219.1
Project("{F184B08F-C81C-45F6-A57F-5ABD9991F28F}") = "Port Scanner", "Port Scanner\Port Scanner.vbproj", "{91F01ECE-56D3-43D2-BDB8-CD7E7113A200}"
EndProject
Global
	GlobalSection(SolutionConfigurationPlatforms) = preSolution
		Debug|Any CPU = Debug|Any CPU
		Release|Any CPU = Release|Any CPU
	EndGlobalSection
	GlobalSection(ProjectConfigurationPlatforms) = postSolution
		{91F01ECE-56D3-43D2-BDB8-CD7E7113A200}.Debug|Any CPU.ActiveCfg = Debug|Any CPU
		{91F01ECE-56D3-43D2-BDB8-CD7E7113A200}.Debug|Any CPU.Build.0 = Debug|Any CPU
		{91F01ECE-56D3-43D2-BDB8-CD7E7113A200}.Release|Any CPU.ActiveCfg = Release|Any CPU
		{91F01ECE-56D3-43D2-BDB8-CD7E7113A200}.Release|Any CPU.Build.0 = Release|Any CPU
	EndGlobalSection
	GlobalSection(SolutionProperties) = preSolution
		HideSolutionNode = FALSE
	EndGlobalSection
	GlobalSection(ExtensibilityGlobals) = postSolution
		SolutionGuid = {18A8A065-3975-4528-93DC-39EF3B7548DD}
	EndGlobalSection
EndGlobal
